// !$*UTF8*$!
{
	archiveVersion = 1;
	classes = {
	};
	objectVersion = 46;
	objects = {

/* Begin PBXBuildFile section */
		00D5B46E196DE28100FCB207 /* Foundation.framework in Frameworks */ = {isa = PBXBuildFile; fileRef = 00D5B46D196DE28100FCB207 /* Foundation.framework */; };
		00D5B470196DE28100FCB207 /* CoreGraphics.framework in Frameworks */ = {isa = PBXBuildFile; fileRef = 00D5B46F196DE28100FCB207 /* CoreGraphics.framework */; };
		00D5B472196DE28100FCB207 /* UIKit.framework in Frameworks */ = {isa = PBXBuildFile; fileRef = 00D5B471196DE28100FCB207 /* UIKit.framework */; };
		00D5B478196DE28100FCB207 /* InfoPlist.strings in Resources */ = {isa = PBXBuildFile; fileRef = 00D5B476196DE28100FCB207 /* InfoPlist.strings */; };
		00D5B47A196DE28100FCB207 /* main.m in Sources */ = {isa = PBXBuildFile; fileRef = 00D5B479196DE28100FCB207 /* main.m */; };
		00D5B47E196DE28100FCB207 /* AppDelegate.m in Sources */ = {isa = PBXBuildFile; fileRef = 00D5B47D196DE28100FCB207 /* AppDelegate.m */; };
		00D5B486196DE28100FCB207 /* Images.xcassets in Resources */ = {isa = PBXBuildFile; fileRef = 00D5B485196DE28100FCB207 /* Images.xcassets */; };
		00D5B48D196DE28100FCB207 /* XCTest.framework in Frameworks */ = {isa = PBXBuildFile; fileRef = 00D5B48C196DE28100FCB207 /* XCTest.framework */; };
		00D5B48E196DE28100FCB207 /* Foundation.framework in Frameworks */ = {isa = PBXBuildFile; fileRef = 00D5B46D196DE28100FCB207 /* Foundation.framework */; };
		00D5B48F196DE28100FCB207 /* UIKit.framework in Frameworks */ = {isa = PBXBuildFile; fileRef = 00D5B471196DE28100FCB207 /* UIKit.framework */; };
		00D5B497196DE28100FCB207 /* InfoPlist.strings in Resources */ = {isa = PBXBuildFile; fileRef = 00D5B495196DE28100FCB207 /* InfoPlist.strings */; };
		00D5B499196DE28100FCB207 /* DemoTests.m in Sources */ = {isa = PBXBuildFile; fileRef = 00D5B498196DE28100FCB207 /* DemoTests.m */; };
		00D5B4A4196DE34A00FCB207 /* HudDemoViewController.m in Sources */ = {isa = PBXBuildFile; fileRef = 00D5B4A3196DE34A00FCB207 /* HudDemoViewController.m */; };
		00D5B4A6196DE35B00FCB207 /* HudDemoViewController.xib in Resources */ = {isa = PBXBuildFile; fileRef = 00D5B4A5196DE35B00FCB207 /* HudDemoViewController.xib */; };
		00D5B4A8196DE39500FCB207 /* MainWindow.xib in Resources */ = {isa = PBXBuildFile; fileRef = 00D5B4A7196DE39500FCB207 /* MainWindow.xib */; };
		00D5B4AE196DE42600FCB207 /* RNActivityView.m in Sources */ = {isa = PBXBuildFile; fileRef = 00D5B4AB196DE42600FCB207 /* RNActivityView.m */; };
		00D5B4AF196DE42600FCB207 /* UIView+RNActivityView.m in Sources */ = {isa = PBXBuildFile; fileRef = 00D5B4AD196DE42600FCB207 /* UIView+RNActivityView.m */; };
		00D5B4B3196DE6FE00FCB207 /* 37x-Checkmark.png in Resources */ = {isa = PBXBuildFile; fileRef = 00D5B4B1196DE6FE00FCB207 /* 37x-Checkmark.png */; };
		00D5B4B4196DE6FE00FCB207 /* 37x-Checkmark@2x.png in Resources */ = {isa = PBXBuildFile; fileRef = 00D5B4B2196DE6FE00FCB207 /* 37x-Checkmark@2x.png */; };
/* End PBXBuildFile section */

/* Begin PBXContainerItemProxy section */
		00D5B490196DE28100FCB207 /* PBXContainerItemProxy */ = {
			isa = PBXContainerItemProxy;
			containerPortal = 00D5B462196DE28100FCB207 /* Project object */;
			proxyType = 1;
			remoteGlobalIDString = 00D5B469196DE28100FCB207;
			remoteInfo = Demo;
		};
/* End PBXContainerItemProxy section */

/* Begin PBXFileReference section */
		00D5B46A196DE28100FCB207 /* Demo.app */ = {isa = PBXFileReference; explicitFileType = wrapper.application; includeInIndex = 0; path = Demo.app; sourceTree = BUILT_PRODUCTS_DIR; };
		00D5B46D196DE28100FCB207 /* Foundation.framework */ = {isa = PBXFileReference; lastKnownFileType = wrapper.framework; name = Foundation.framework; path = System/Library/Frameworks/Foundation.framework; sourceTree = SDKROOT; };
		00D5B46F196DE28100FCB207 /* CoreGraphics.framework */ = {isa = PBXFileReference; lastKnownFileType = wrapper.framework; name = CoreGraphics.framework; path = System/Library/Frameworks/CoreGraphics.framework; sourceTree = SDKROOT; };
		00D5B471196DE28100FCB207 /* UIKit.framework */ = {isa = PBXFileReference; lastKnownFileType = wrapper.framework; name = UIKit.framework; path = System/Library/Frameworks/UIKit.framework; sourceTree = SDKROOT; };
		00D5B475196DE28100FCB207 /* Demo-Info.plist */ = {isa = PBXFileReference; lastKnownFileType = text.plist.xml; path = "Demo-Info.plist"; sourceTree = "<group>"; };
		00D5B477196DE28100FCB207 /* en */ = {isa = PBXFileReference; lastKnownFileType = text.plist.strings; name = en; path = en.lproj/InfoPlist.strings; sourceTree = "<group>"; };
		00D5B479196DE28100FCB207 /* main.m */ = {isa = PBXFileReference; lastKnownFileType = sourcecode.c.objc; path = main.m; sourceTree = "<group>"; };
		00D5B47B196DE28100FCB207 /* Demo-Prefix.pch */ = {isa = PBXFileReference; lastKnownFileType = sourcecode.c.h; path = "Demo-Prefix.pch"; sourceTree = "<group>"; };
		00D5B47C196DE28100FCB207 /* AppDelegate.h */ = {isa = PBXFileReference; lastKnownFileType = sourcecode.c.h; path = AppDelegate.h; sourceTree = "<group>"; };
		00D5B47D196DE28100FCB207 /* AppDelegate.m */ = {isa = PBXFileReference; lastKnownFileType = sourcecode.c.objc; path = AppDelegate.m; sourceTree = "<group>"; };
		00D5B485196DE28100FCB207 /* Images.xcassets */ = {isa = PBXFileReference; lastKnownFileType = folder.assetcatalog; path = Images.xcassets; sourceTree = "<group>"; };
		00D5B48B196DE28100FCB207 /* DemoTests.xctest */ = {isa = PBXFileReference; explicitFileType = wrapper.cfbundle; includeInIndex = 0; path = DemoTests.xctest; sourceTree = BUILT_PRODUCTS_DIR; };
		00D5B48C196DE28100FCB207 /* XCTest.framework */ = {isa = PBXFileReference; lastKnownFileType = wrapper.framework; name = XCTest.framework; path = Library/Frameworks/XCTest.framework; sourceTree = DEVELOPER_DIR; };
		00D5B494196DE28100FCB207 /* DemoTests-Info.plist */ = {isa = PBXFileReference; lastKnownFileType = text.plist.xml; path = "DemoTests-Info.plist"; sourceTree = "<group>"; };
		00D5B496196DE28100FCB207 /* en */ = {isa = PBXFileReference; lastKnownFileType = text.plist.strings; name = en; path = en.lproj/InfoPlist.strings; sourceTree = "<group>"; };
		00D5B498196DE28100FCB207 /* DemoTests.m */ = {isa = PBXFileReference; lastKnownFileType = sourcecode.c.objc; path = DemoTests.m; sourceTree = "<group>"; };
		00D5B4A2196DE34A00FCB207 /* HudDemoViewController.h */ = {isa = PBXFileReference; fileEncoding = 4; lastKnownFileType = sourcecode.c.h; path = HudDemoViewController.h; sourceTree = "<group>"; };
		00D5B4A3196DE34A00FCB207 /* HudDemoViewController.m */ = {isa = PBXFileReference; fileEncoding = 4; lastKnownFileType = sourcecode.c.objc; path = HudDemoViewController.m; sourceTree = "<group>"; };
		00D5B4A5196DE35B00FCB207 /* HudDemoViewController.xib */ = {isa = PBXFileReference; fileEncoding = 4; lastKnownFileType = file.xib; path = HudDemoViewController.xib; sourceTree = "<group>"; };
		00D5B4A7196DE39500FCB207 /* MainWindow.xib */ = {isa = PBXFileReference; fileEncoding = 4; lastKnownFileType = file.xib; path = MainWindow.xib; sourceTree = "<group>"; };
		00D5B4AA196DE42600FCB207 /* RNActivityView.h */ = {isa = PBXFileReference; fileEncoding = 4; lastKnownFileType = sourcecode.c.h; path = RNActivityView.h; sourceTree = "<group>"; };
		00D5B4AB196DE42600FCB207 /* RNActivityView.m */ = {isa = PBXFileReference; fileEncoding = 4; lastKnownFileType = sourcecode.c.objc; path = RNActivityView.m; sourceTree = "<group>"; };
		00D5B4AC196DE42600FCB207 /* UIView+RNActivityView.h */ = {isa = PBXFileReference; fileEncoding = 4; lastKnownFileType = sourcecode.c.h; path = "UIView+RNActivityView.h"; sourceTree = "<group>"; };
		00D5B4AD196DE42600FCB207 /* UIView+RNActivityView.m */ = {isa = PBXFileReference; fileEncoding = 4; lastKnownFileType = sourcecode.c.objc; path = "UIView+RNActivityView.m"; sourceTree = "<group>"; };
		00D5B4B1196DE6FE00FCB207 /* 37x-Checkmark.png */ = {isa = PBXFileReference; lastKnownFileType = image.png; path = "37x-Checkmark.png"; sourceTree = "<group>"; };
		00D5B4B2196DE6FE00FCB207 /* 37x-Checkmark@2x.png */ = {isa = PBXFileReference; lastKnownFileType = image.png; path = "37x-Checkmark@2x.png"; sourceTree = "<group>"; };
/* End PBXFileReference section */

/* Begin PBXFrameworksBuildPhase section */
		00D5B467196DE28100FCB207 /* Frameworks */ = {
			isa = PBXFrameworksBuildPhase;
			buildActionMask = 2147483647;
			files = (
				00D5B470196DE28100FCB207 /* CoreGraphics.framework in Frameworks */,
				00D5B472196DE28100FCB207 /* UIKit.framework in Frameworks */,
				00D5B46E196DE28100FCB207 /* Foundation.framework in Frameworks */,
			);
			runOnlyForDeploymentPostprocessing = 0;
		};
		00D5B488196DE28100FCB207 /* Frameworks */ = {
			isa = PBXFrameworksBuildPhase;
			buildActionMask = 2147483647;
			files = (
				00D5B48D196DE28100FCB207 /* XCTest.framework in Frameworks */,
				00D5B48F196DE28100FCB207 /* UIKit.framework in Frameworks */,
				00D5B48E196DE28100FCB207 /* Foundation.framework in Frameworks */,
			);
			runOnlyForDeploymentPostprocessing = 0;
		};
/* End PBXFrameworksBuildPhase section */

/* Begin PBXGroup section */
		00D5B461196DE28100FCB207 = {
			isa = PBXGroup;
			children = (
				00D5B4A9196DE42600FCB207 /* RNActivityView */,
				00D5B473196DE28100FCB207 /* Demo */,
				00D5B492196DE28100FCB207 /* DemoTests */,
				00D5B46C196DE28100FCB207 /* Frameworks */,
				00D5B46B196DE28100FCB207 /* Products */,
			);
			sourceTree = "<group>";
		};
		00D5B46B196DE28100FCB207 /* Products */ = {
			isa = PBXGroup;
			children = (
				00D5B46A196DE28100FCB207 /* Demo.app */,
				00D5B48B196DE28100FCB207 /* DemoTests.xctest */,
			);
			name = Products;
			sourceTree = "<group>";
		};
		00D5B46C196DE28100FCB207 /* Frameworks */ = {
			isa = PBXGroup;
			children = (
				00D5B46D196DE28100FCB207 /* Foundation.framework */,
				00D5B46F196DE28100FCB207 /* CoreGraphics.framework */,
				00D5B471196DE28100FCB207 /* UIKit.framework */,
				00D5B48C196DE28100FCB207 /* XCTest.framework */,
			);
			name = Frameworks;
			sourceTree = "<group>";
		};
		00D5B473196DE28100FCB207 /* Demo */ = {
			isa = PBXGroup;
			children = (
				00D5B47C196DE28100FCB207 /* AppDelegate.h */,
				00D5B47D196DE28100FCB207 /* AppDelegate.m */,
				00D5B4A2196DE34A00FCB207 /* HudDemoViewController.h */,
				00D5B4A3196DE34A00FCB207 /* HudDemoViewController.m */,
				00D5B4A5196DE35B00FCB207 /* HudDemoViewController.xib */,
				00D5B4A7196DE39500FCB207 /* MainWindow.xib */,
				00D5B474196DE28100FCB207 /* Supporting Files */,
			);
			path = Demo;
			sourceTree = "<group>";
		};
		00D5B474196DE28100FCB207 /* Supporting Files */ = {
			isa = PBXGroup;
			children = (
				00D5B4B0196DE6C400FCB207 /* imagens */,
				00D5B485196DE28100FCB207 /* Images.xcassets */,
				00D5B475196DE28100FCB207 /* Demo-Info.plist */,
				00D5B476196DE28100FCB207 /* InfoPlist.strings */,
				00D5B479196DE28100FCB207 /* main.m */,
				00D5B47B196DE28100FCB207 /* Demo-Prefix.pch */,
			);
			name = "Supporting Files";
			sourceTree = "<group>";
		};
		00D5B492196DE28100FCB207 /* DemoTests */ = {
			isa = PBXGroup;
			children = (
				00D5B498196DE28100FCB207 /* DemoTests.m */,
				00D5B493196DE28100FCB207 /* Supporting Files */,
			);
			path = DemoTests;
			sourceTree = "<group>";
		};
		00D5B493196DE28100FCB207 /* Supporting Files */ = {
			isa = PBXGroup;
			children = (
				00D5B494196DE28100FCB207 /* DemoTests-Info.plist */,
				00D5B495196DE28100FCB207 /* InfoPlist.strings */,
			);
			name = "Supporting Files";
			sourceTree = "<group>";
		};
		00D5B4A9196DE42600FCB207 /* RNActivityView */ = {
			isa = PBXGroup;
			children = (
				00D5B4AA196DE42600FCB207 /* RNActivityView.h */,
				00D5B4AB196DE42600FCB207 /* RNActivityView.m */,
				00D5B4AC196DE42600FCB207 /* UIView+RNActivityView.h */,
				00D5B4AD196DE42600FCB207 /* UIView+RNActivityView.m */,
			);
			name = RNActivityView;
			path = ../RNActivityView;
			sourceTree = "<group>";
		};
		00D5B4B0196DE6C400FCB207 /* imagens */ = {
			isa = PBXGroup;
			children = (
				00D5B4B1196DE6FE00FCB207 /* 37x-Checkmark.png */,
				00D5B4B2196DE6FE00FCB207 /* 37x-Checkmark@2x.png */,
			);
			path = imagens;
			sourceTree = "<group>";
		};
/* End PBXGroup section */

/* Begin PBXNativeTarget section */
		00D5B469196DE28100FCB207 /* Demo */ = {
			isa = PBXNativeTarget;
			buildConfigurationList = 00D5B49C196DE28100FCB207 /* Build configuration list for PBXNativeTarget "Demo" */;
			buildPhases = (
				00D5B466196DE28100FCB207 /* Sources */,
				00D5B467196DE28100FCB207 /* Frameworks */,
				00D5B468196DE28100FCB207 /* Resources */,
			);
			buildRules = (
			);
			dependencies = (
			);
			name = Demo;
			productName = Demo;
			productReference = 00D5B46A196DE28100FCB207 /* Demo.app */;
			productType = "com.apple.product-type.application";
		};
		00D5B48A196DE28100FCB207 /* DemoTests */ = {
			isa = PBXNativeTarget;
			buildConfigurationList = 00D5B49F196DE28100FCB207 /* Build configuration list for PBXNativeTarget "DemoTests" */;
			buildPhases = (
				00D5B487196DE28100FCB207 /* Sources */,
				00D5B488196DE28100FCB207 /* Frameworks */,
				00D5B489196DE28100FCB207 /* Resources */,
			);
			buildRules = (
			);
			dependencies = (
				00D5B491196DE28100FCB207 /* PBXTargetDependency */,
			);
			name = DemoTests;
			productName = DemoTests;
			productReference = 00D5B48B196DE28100FCB207 /* DemoTests.xctest */;
			productType = "com.apple.product-type.bundle.unit-test";
		};
/* End PBXNativeTarget section */

/* Begin PBXProject section */
		00D5B462196DE28100FCB207 /* Project object */ = {
			isa = PBXProject;
			attributes = {
				LastUpgradeCheck = 0510;
				ORGANIZATIONNAME = "Romilson Nunes";
				TargetAttributes = {
					00D5B48A196DE28100FCB207 = {
						TestTargetID = 00D5B469196DE28100FCB207;
					};
				};
			};
			buildConfigurationList = 00D5B465196DE28100FCB207 /* Build configuration list for PBXProject "Demo" */;
			compatibilityVersion = "Xcode 3.2";
			developmentRegion = English;
			hasScannedForEncodings = 0;
			knownRegions = (
				en,
				Base,
			);
			mainGroup = 00D5B461196DE28100FCB207;
			productRefGroup = 00D5B46B196DE28100FCB207 /* Products */;
			projectDirPath = "";
			projectRoot = "";
			targets = (
				00D5B469196DE28100FCB207 /* Demo */,
				00D5B48A196DE28100FCB207 /* DemoTests */,
			);
		};
/* End PBXProject section */

/* Begin PBXResourcesBuildPhase section */
		00D5B468196DE28100FCB207 /* Resources */ = {
			isa = PBXResourcesBuildPhase;
			buildActionMask = 2147483647;
			files = (
				00D5B4A8196DE39500FCB207 /* MainWindow.xib in Resources */,
				00D5B486196DE28100FCB207 /* Images.xcassets in Resources */,
				00D5B4A6196DE35B00FCB207 /* HudDemoViewController.xib in Resources */,
				00D5B478196DE28100FCB207 /* InfoPlist.strings in Resources */,
				00D5B4B3196DE6FE00FCB207 /* 37x-Checkmark.png in Resources */,
				00D5B4B4196DE6FE00FCB207 /* 37x-Checkmark@2x.png in Resources */,
			);
			runOnlyForDeploymentPostprocessing = 0;
		};
		00D5B489196DE28100FCB207 /* Resources */ = {
			isa = PBXResourcesBuildPhase;
			buildActionMask = 2147483647;
			files = (
				00D5B497196DE28100FCB207 /* InfoPlist.strings in Resources */,
			);
			runOnlyForDeploymentPostprocessing = 0;
		};
/* End PBXResourcesBuildPhase section */

/* Begin PBXSourcesBuildPhase section */
		00D5B466196DE28100FCB207 /* Sources */ = {
			isa = PBXSourcesBuildPhase;
			buildActionMask = 2147483647;
			files = (
				00D5B47E196DE28100FCB207 /* AppDelegate.m in Sources */,
				00D5B4AF196DE42600FCB207 /* UIView+RNActivityView.m in Sources */,
				00D5B4A4196DE34A00FCB207 /* HudDemoViewController.m in Sources */,
				00D5B47A196DE28100FCB207 /* main.m in Sources */,
				00D5B4AE196DE42600FCB207 /* RNActivityView.m in Sources */,
			);
			runOnlyForDeploymentPostprocessing = 0;
		};
		00D5B487196DE28100FCB207 /* Sources */ = {
			isa = PBXSourcesBuildPhase;
			buildActionMask = 2147483647;
			files = (
				00D5B499196DE28100FCB207 /* DemoTests.m in Sources */,
			);
			runOnlyForDeploymentPostprocessing = 0;
		};
/* End PBXSourcesBuildPhase section */

/* Begin PBXTargetDependency section */
		00D5B491196DE28100FCB207 /* PBXTargetDependency */ = {
			isa = PBXTargetDependency;
			target = 00D5B469196DE28100FCB207 /* Demo */;
			targetProxy = 00D5B490196DE28100FCB207 /* PBXContainerItemProxy */;
		};
/* End PBXTargetDependency section */

/* Begin PBXVariantGroup section */
		00D5B476196DE28100FCB207 /* InfoPlist.strings */ = {
			isa = PBXVariantGroup;
			children = (
				00D5B477196DE28100FCB207 /* en */,
			);
			name = InfoPlist.strings;
			sourceTree = "<group>";
		};
		00D5B495196DE28100FCB207 /* InfoPlist.strings */ = {
			isa = PBXVariantGroup;
			children = (
				00D5B496196DE28100FCB207 /* en */,
			);
			name = InfoPlist.strings;
			sourceTree = "<group>";
		};
/* End PBXVariantGroup section */

/* Begin XCBuildConfiguration section */
		00D5B49A196DE28100FCB207 /* Debug */ = {
			isa = XCBuildConfiguration;
			buildSettings = {
				ALWAYS_SEARCH_USER_PATHS = NO;
				CLANG_CXX_LANGUAGE_STANDARD = "gnu++0x";
				CLANG_CXX_LIBRARY = "libc++";
				CLANG_ENABLE_MODULES = YES;
				CLANG_ENABLE_OBJC_ARC = YES;
				CLANG_WARN_BOOL_CONVERSION = YES;
				CLANG_WARN_CONSTANT_CONVERSION = YES;
				CLANG_WARN_DIRECT_OBJC_ISA_USAGE = YES_ERROR;
				CLANG_WARN_EMPTY_BODY = YES;
				CLANG_WARN_ENUM_CONVERSION = YES;
				CLANG_WARN_INT_CONVERSION = YES;
				CLANG_WARN_OBJC_ROOT_CLASS = YES_ERROR;
				CLANG_WARN__DUPLICATE_METHOD_MATCH = YES;
				"CODE_SIGN_IDENTITY[sdk=iphoneos*]" = "iPhone Developer";
				COPY_PHASE_STRIP = NO;
				GCC_C_LANGUAGE_STANDARD = gnu99;
				GCC_DYNAMIC_NO_PIC = NO;
				GCC_OPTIMIZATION_LEVEL = 0;
				GCC_PREPROCESSOR_DEFINITIONS = (
					"DEBUG=1",
					"$(inherited)",
				);
				GCC_SYMBOLS_PRIVATE_EXTERN = NO;
				GCC_WARN_64_TO_32_BIT_CONVERSION = YES;
				GCC_WARN_ABOUT_RETURN_TYPE = YES_ERROR;
				GCC_WARN_UNDECLARED_SELECTOR = YES;
				GCC_WARN_UNINITIALIZED_AUTOS = YES_AGGRESSIVE;
				GCC_WARN_UNUSED_FUNCTION = YES;
				GCC_WARN_UNUSED_VARIABLE = YES;
				IPHONEOS_DEPLOYMENT_TARGET = 5.1;
				ONLY_ACTIVE_ARCH = YES;
				SDKROOT = iphoneos;
			};
			name = Debug;
		};
		00D5B49B196DE28100FCB207 /* Release */ = {
			isa = XCBuildConfiguration;
			buildSettings = {
				ALWAYS_SEARCH_USER_PATHS = NO;
				CLANG_CXX_LANGUAGE_STANDARD = "gnu++0x";
				CLANG_CXX_LIBRARY = "libc++";
				CLANG_ENABLE_MODULES = YES;
				CLANG_ENABLE_OBJC_ARC = YES;
				CLANG_WARN_BOOL_CONVERSION = YES;
				CLANG_WARN_CONSTANT_CONVERSION = YES;
				CLANG_WARN_DIRECT_OBJC_ISA_USAGE = YES_ERROR;
				CLANG_WARN_EMPTY_BODY = YES;
				CLANG_WARN_ENUM_CONVERSION = YES;
				CLANG_WARN_INT_CONVERSION = YES;
				CLANG_WARN_OBJC_ROOT_CLASS = YES_ERROR;
				CLANG_WARN__DUPLICATE_METHOD_MATCH = YES;
				"CODE_SIGN_IDENTITY[sdk=iphoneos*]" = "iPhone Developer";
				COPY_PHASE_STRIP = YES;
				ENABLE_NS_ASSERTIONS = NO;
				GCC_C_LANGUAGE_STANDARD = gnu99;
				GCC_WARN_64_TO_32_BIT_CONVERSION = YES;
				GCC_WARN_ABOUT_RETURN_TYPE = YES_ERROR;
				GCC_WARN_UNDECLARED_SELECTOR = YES;
				GCC_WARN_UNINITIALIZED_AUTOS = YES_AGGRESSIVE;
				GCC_WARN_UNUSED_FUNCTION = YES;
				GCC_WARN_UNUSED_VARIABLE = YES;
				IPHONEOS_DEPLOYMENT_TARGET = 5.1;
				SDKROOT = iphoneos;
				VALIDATE_PRODUCT = YES;
			};
			name = Release;
		};
		00D5B49D196DE28100FCB207 /* Debug */ = {
			isa = XCBuildConfiguration;
			buildSettings = {
				ASSETCATALOG_COMPILER_APPICON_NAME = AppIcon;
				ASSETCATALOG_COMPILER_LAUNCHIMAGE_NAME = LaunchImage;
				GCC_PRECOMPILE_PREFIX_HEADER = YES;
				GCC_PREFIX_HEADER = "Demo/Demo-Prefix.pch";
				INFOPLIST_FILE = "Demo/Demo-Info.plist";
				IPHONEOS_DEPLOYMENT_TARGET = 6.0;
				PRODUCT_NAME = "$(TARGET_NAME)";
				WRAPPER_EXTENSION = app;
			};
			name = Debug;
		};
		00D5B49E196DE28100FCB207 /* Release */ = {
			isa = XCBuildConfiguration;
			buildSettings = {
				ASSETCATALOG_COMPILER_APPICON_NAME = AppIcon;
				ASSETCATALOG_COMPILER_LAUNCHIMAGE_NAME = LaunchImage;
				GCC_PRECOMPILE_PREFIX_HEADER = YES;
				GCC_PREFIX_HEADER = "Demo/Demo-Prefix.pch";
				INFOPLIST_FILE = "Demo/Demo-Info.plist";
				IPHONEOS_DEPLOYMENT_TARGET = 6.0;
				PRODUCT_NAME = "$(TARGET_NAME)";
				WRAPPER_EXTENSION = app;
			};
			name = Release;
		};
		00D5B4A0196DE28100FCB207 /* Debug */ = {
			isa = XCBuildConfiguration;
			buildSettings = {
				BUNDLE_LOADER = "$(BUILT_PRODUCTS_DIR)/Demo.app/Demo";
				FRAMEWORK_SEARCH_PATHS = (
					"$(SDKROOT)/Developer/Library/Frameworks",
					"$(inherited)",
					"$(DEVELOPER_FRAMEWORKS_DIR)",
				);
				GCC_PRECOMPILE_PREFIX_HEADER = YES;
				GCC_PREFIX_HEADER = "Demo/Demo-Prefix.pch";
				GCC_PREPROCESSOR_DEFINITIONS = (
					"DEBUG=1",
					"$(inherited)",
				);
				INFOPLIST_FILE = "DemoTests/DemoTests-Info.plist";
				PRODUCT_NAME = "$(TARGET_NAME)";
				TEST_HOST = "$(BUNDLE_LOADER)";
				WRAPPER_EXTENSION = xctest;
			};
			name = Debug;
		};
		00D5B4A1196DE28100FCB207 /* Release */ = {
			isa = XCBuildConfiguration;
			buildSettings = {
				BUNDLE_LOADER = "$(BUILT_PRODUCTS_DIR)/Demo.app/Demo";
				FRAMEWORK_SEARCH_PATHS = (
					"$(SDKROOT)/Developer/Library/Frameworks",
					"$(inherited)",
					"$(DEVELOPER_FRAMEWORKS_DIR)",
				);
				GCC_PRECOMPILE_PREFIX_HEADER = YES;
				GCC_PREFIX_HEADER = "Demo/Demo-Prefix.pch";
				INFOPLIST_FILE = "DemoTests/DemoTests-Info.plist";
				PRODUCT_NAME = "$(TARGET_NAME)";
				TEST_HOST = "$(BUNDLE_LOADER)";
				WRAPPER_EXTENSION = xctest;
			};
			name = Release;
		};
/* End XCBuildConfiguration section */

/* Begin XCConfigurationList section */
		00D5B465196DE28100FCB207 /* Build configuration list for PBXProject "Demo" */ = {
			isa = XCConfigurationList;
			buildConfigurations = (
				00D5B49A196DE28100FCB207 /* Debug */,
				00D5B49B196DE28100FCB207 /* Release */,
			);
			defaultConfigurationIsVisible = 0;
			defaultConfigurationName = Release;
		};
		00D5B49C196DE28100FCB207 /* Build configuration list for PBXNativeTarget "Demo" */ = {
			isa = XCConfigurationList;
			buildConfigurations = (
				00D5B49D196DE28100FCB207 /* Debug */,
				00D5B49E196DE28100FCB207 /* Release */,
			);
			defaultConfigurationIsVisible = 0;
		};
		00D5B49F196DE28100FCB207 /* Build configuration list for PBXNativeTarget "DemoTests" */ = {
			isa = XCConfigurationList;
			buildConfigurations = (
				00D5B4A0196DE28100FCB207 /* Debug */,
				00D5B4A1196DE28100FCB207 /* Release */,
			);
			defaultConfigurationIsVisible = 0;
		};
/* End XCConfigurationList section */
	};
	rootObject = 00D5B462196DE28100FCB207 /* Project object */;
}
